
Microsoft Visual Studio Solution File, Format Version 12.00
# Visual Studio Version 16
VisualStudioVersion = 16.0.28729.10
MinimumVisualStudioVersion = 10.0.40219.1
Project("{9A19103F-16F7-4668-BE54-9A1E7A4F7556}") = "Anemonis.AspNetCore.JsonRpc", "Anemonis.AspNetCore.JsonRpc\Anemonis.AspNetCore.JsonRpc.csproj", "{0945A84E-051E-4836-9E8A-44A7533EAA5E}"
EndProject
Project("{9A19103F-16F7-4668-BE54-9A1E7A4F7556}") = "Anemonis.AspNetCore.JsonRpc.UnitTests", "Anemonis.AspNetCore.JsonRpc.UnitTests\Anemonis.AspNetCore.JsonRpc.UnitTests.csproj", "{7F339FEF-7C13-4BAE-8B79-381CC6F3DD8C}"
EndProject
Project("{9A19103F-16F7-4668-BE54-9A1E7A4F7556}") = "Anemonis.AspNetCore.JsonRpc.Benchmarks", "Anemonis.AspNetCore.JsonRpc.Benchmarks\Anemonis.AspNetCore.JsonRpc.Benchmarks.csproj", "{A556A0C5-38E5-47FE-AECA-CB95F4527FC1}"
EndProject
Project("{2150E333-8FDC-42A3-9474-1A3956D46DE8}") = "Solution.Build", "Solution.Build", "{2F9C8B68-6F6A-4239-B2EE-1A6A7B9A7713}"
	ProjectSection(SolutionItems) = preProject
		Anemonis.AspNetCore.JsonRpc.props = Anemonis.AspNetCore.JsonRpc.props
		Directory.Build.props = Directory.Build.props
		Directory.Build.targets = Directory.Build.targets
	EndProjectSection
EndProject
Global
	GlobalSection(SolutionConfigurationPlatforms) = preSolution
		Debug|Any CPU = Debug|Any CPU
		Release|Any CPU = Release|Any CPU
	EndGlobalSection
	GlobalSection(ProjectConfigurationPlatforms) = postSolution
		{0945A84E-051E-4836-9E8A-44A7533EAA5E}.Debug|Any CPU.ActiveCfg = Debug|Any CPU
		{0945A84E-051E-4836-9E8A-44A7533EAA5E}.Debug|Any CPU.Build.0 = Debug|Any CPU
		{0945A84E-051E-4836-9E8A-44A7533EAA5E}.Release|Any CPU.ActiveCfg = Release|Any CPU
		{0945A84E-051E-4836-9E8A-44A7533EAA5E}.Release|Any CPU.Build.0 = Release|Any CPU
		{7F339FEF-7C13-4BAE-8B79-381CC6F3DD8C}.Debug|Any CPU.ActiveCfg = Debug|Any CPU
		{7F339FEF-7C13-4BAE-8B79-381CC6F3DD8C}.Debug|Any CPU.Build.0 = Debug|Any CPU
		{7F339FEF-7C13-4BAE-8B79-381CC6F3DD8C}.Release|Any CPU.ActiveCfg = Release|Any CPU
		{7F339FEF-7C13-4BAE-8B79-381CC6F3DD8C}.Release|Any CPU.Build.0 = Release|Any CPU
		{A556A0C5-38E5-47FE-AECA-CB95F4527FC1}.Debug|Any CPU.ActiveCfg = Debug|Any CPU
		{A556A0C5-38E5-47FE-AECA-CB95F4527FC1}.Debug|Any CPU.Build.0 = Debug|Any CPU
		{A556A0C5-38E5-47FE-AECA-CB95F4527FC1}.Release|Any CPU.ActiveCfg = Release|Any CPU
		{A556A0C5-38E5-47FE-AECA-CB95F4527FC1}.Release|Any CPU.Build.0 = Release|Any CPU
	EndGlobalSection
	GlobalSection(SolutionProperties) = preSolution
		HideSolutionNode = FALSE
	EndGlobalSection
	GlobalSection(ExtensibilityGlobals) = postSolution
		SolutionGuid = {F9015ACB-27F5-4853-AA95-313766DD4642}
	EndGlobalSection
EndGlobal
