
Microsoft Visual Studio Solution File, Format Version 12.00
# Visual Studio 15
VisualStudioVersion = 15.0.26403.7
MinimumVisualStudioVersion = 10.0.40219.1
Project("{FAE04EC0-301F-11D3-BF4B-00C04F79EFBC}") = "Community.AspNetCore.JsonRpc", "Community.AspNetCore.JsonRpc\Community.AspNetCore.JsonRpc.csproj", "{0945A84E-051E-4836-9E8A-44A7533EAA5E}"
EndProject
Project("{FAE04EC0-301F-11D3-BF4B-00C04F79EFBC}") = "Community.AspNetCore.JsonRpc.FunctionalTests", "Community.AspNetCore.JsonRpc.FunctionalTests\Community.AspNetCore.JsonRpc.FunctionalTests.csproj", "{098593F5-AF4D-48F9-B675-3E8852F638A8}"
EndProject
Project("{2150E333-8FDC-42A3-9474-1A3956D46DE8}") = "scheme", "scheme", "{86C9C52D-0CCF-49A2-8F66-FD3D3EF2FF5C}"
	ProjectSection(SolutionItems) = preProject
		scheme\solution.package.props = scheme\solution.package.props
		scheme\solution.props = scheme\solution.props
	EndProjectSection
EndProject
Global
	GlobalSection(SolutionConfigurationPlatforms) = preSolution
		Debug|Any CPU = Debug|Any CPU
		Release|Any CPU = Release|Any CPU
	EndGlobalSection
	GlobalSection(ProjectConfigurationPlatforms) = postSolution
		{0945A84E-051E-4836-9E8A-44A7533EAA5E}.Debug|Any CPU.ActiveCfg = Debug|Any CPU
		{0945A84E-051E-4836-9E8A-44A7533EAA5E}.Debug|Any CPU.Build.0 = Debug|Any CPU
		{0945A84E-051E-4836-9E8A-44A7533EAA5E}.Release|Any CPU.ActiveCfg = Release|Any CPU
		{0945A84E-051E-4836-9E8A-44A7533EAA5E}.Release|Any CPU.Build.0 = Release|Any CPU
		{098593F5-AF4D-48F9-B675-3E8852F638A8}.Debug|Any CPU.ActiveCfg = Debug|Any CPU
		{098593F5-AF4D-48F9-B675-3E8852F638A8}.Debug|Any CPU.Build.0 = Debug|Any CPU
		{098593F5-AF4D-48F9-B675-3E8852F638A8}.Release|Any CPU.ActiveCfg = Release|Any CPU
		{098593F5-AF4D-48F9-B675-3E8852F638A8}.Release|Any CPU.Build.0 = Release|Any CPU
	EndGlobalSection
	GlobalSection(SolutionProperties) = preSolution
		HideSolutionNode = FALSE
	EndGlobalSection
EndGlobal
